
Microsoft Visual Studio Solution File, Format Version 12.00
# Visual Studio Version 17
VisualStudioVersion = 17.4.33205.214
MinimumVisualStudioVersion = 10.0.40219.1
Project("{FAE04EC0-301F-11D3-BF4B-00C04F79EFBC}") = "Agarme-Server", "Agarme-Server.csproj", "{63C6A784-9AE8-42B2-9E38-EBCFF661904E}"
EndProject
Global
	GlobalSection(SolutionConfigurationPlatforms) = preSolution
		Debug|Any CPU = Debug|Any CPU
		Release|Any CPU = Release|Any CPU
	EndGlobalSection
	GlobalSection(ProjectConfigurationPlatforms) = postSolution
		{63C6A784-9AE8-42B2-9E38-EBCFF661904E}.Debug|Any CPU.ActiveCfg = Debug|Any CPU
		{63C6A784-9AE8-42B2-9E38-EBCFF661904E}.Debug|Any CPU.Build.0 = Debug|Any CPU
		{63C6A784-9AE8-42B2-9E38-EBCFF661904E}.Release|Any CPU.ActiveCfg = Release|Any CPU
		{63C6A784-9AE8-42B2-9E38-EBCFF661904E}.Release|Any CPU.Build.0 = Release|Any CPU
	EndGlobalSection
	GlobalSection(SolutionProperties) = preSolution
		HideSolutionNode = FALSE
	EndGlobalSection
	GlobalSection(ExtensibilityGlobals) = postSolution
		SolutionGuid = {DCB1ECDA-83F5-4CB8-B307-4D59130E03F3}
	EndGlobalSection
EndGlobal
